
Microsoft Visual Studio Solution File, Format Version 12.00
# Visual Studio Version 17
VisualStudioVersion = 17.10.35013.160
MinimumVisualStudioVersion = 10.0.40219.1
Project("{FAE04EC0-301F-11D3-BF4B-00C04F79EFBC}") = "TaskManagerAPI_2", "TaskManagerAPI_2\TaskManagerAPI_2.csproj", "{79FE5FE1-3A88-4D99-8617-80ADBA6FF0F5}"
EndProject
Global
	GlobalSection(SolutionConfigurationPlatforms) = preSolution
		Debug|Any CPU = Debug|Any CPU
		Release|Any CPU = Release|Any CPU
	EndGlobalSection
	GlobalSection(ProjectConfigurationPlatforms) = postSolution
		{79FE5FE1-3A88-4D99-8617-80ADBA6FF0F5}.Debug|Any CPU.ActiveCfg = Debug|Any CPU
		{79FE5FE1-3A88-4D99-8617-80ADBA6FF0F5}.Debug|Any CPU.Build.0 = Debug|Any CPU
		{79FE5FE1-3A88-4D99-8617-80ADBA6FF0F5}.Release|Any CPU.ActiveCfg = Release|Any CPU
		{79FE5FE1-3A88-4D99-8617-80ADBA6FF0F5}.Release|Any CPU.Build.0 = Release|Any CPU
	EndGlobalSection
	GlobalSection(SolutionProperties) = preSolution
		HideSolutionNode = FALSE
	EndGlobalSection
	GlobalSection(ExtensibilityGlobals) = postSolution
		SolutionGuid = {C9EB4631-CD2C-4B19-86A4-230BC7AB9AF7}
	EndGlobalSection
EndGlobal
